Microsoft Visual Studio Solution File, Format Version 11.00
# Visual Studio 2008

Project("{8259A47A-3C4B-0D02-F70D-DDA007620484}") = "TicTacToeKata", "Assembly-CSharp-firstpass.csproj", "{107203D3-CF3D-5EF0-0645-AA02D7FACA8B}"
EndProject
Project("{8259A47A-3C4B-0D02-F70D-DDA007620484}") = "TicTacToeKata", "Assembly-CSharp.csproj", "{A7DB5975-8651-7116-C6DC-4B67252C6525}"
EndProject
Project("{8259A47A-3C4B-0D02-F70D-DDA007620484}") = "TicTacToeKata", "Assembly-CSharp-Editor-firstpass.csproj", "{2BFDD731-03C8-1369-C78B-7D133F68F542}"
EndProject
Global
	GlobalSection(SolutionConfigurationPlatforms) = preSolution
		Debug|Any CPU = Debug|Any CPU
		Release|Any CPU = Release|Any CPU
	EndGlobalSection
	GlobalSection(ProjectConfigurationPlatforms) = postSolution
		{107203D3-CF3D-5EF0-0645-AA02D7FACA8B}.Debug|Any CPU.ActiveCfg = Debug|Any CPU
		{107203D3-CF3D-5EF0-0645-AA02D7FACA8B}.Debug|Any CPU.Build.0 = Debug|Any CPU
		{107203D3-CF3D-5EF0-0645-AA02D7FACA8B}.Release|Any CPU.ActiveCfg = Release|Any CPU
		{107203D3-CF3D-5EF0-0645-AA02D7FACA8B}.Release|Any CPU.Build.0 = Release|Any CPU
		{A7DB5975-8651-7116-C6DC-4B67252C6525}.Debug|Any CPU.ActiveCfg = Debug|Any CPU
		{A7DB5975-8651-7116-C6DC-4B67252C6525}.Debug|Any CPU.Build.0 = Debug|Any CPU
		{A7DB5975-8651-7116-C6DC-4B67252C6525}.Release|Any CPU.ActiveCfg = Release|Any CPU
		{A7DB5975-8651-7116-C6DC-4B67252C6525}.Release|Any CPU.Build.0 = Release|Any CPU
		{2BFDD731-03C8-1369-C78B-7D133F68F542}.Debug|Any CPU.ActiveCfg = Debug|Any CPU
		{2BFDD731-03C8-1369-C78B-7D133F68F542}.Debug|Any CPU.Build.0 = Debug|Any CPU
		{2BFDD731-03C8-1369-C78B-7D133F68F542}.Release|Any CPU.ActiveCfg = Release|Any CPU
		{2BFDD731-03C8-1369-C78B-7D133F68F542}.Release|Any CPU.Build.0 = Release|Any CPU
	EndGlobalSection
	GlobalSection(SolutionProperties) = preSolution
		HideSolutionNode = FALSE
	EndGlobalSection
				GlobalSection(MonoDevelopProperties) = preSolution
		StartupItem = Assembly-CSharp.csproj
		Policies = $0
		$0.TextStylePolicy = $1
		$1.inheritsSet = null
		$1.scope = text/x-csharp
		$0.CSharpFormattingPolicy = $2
		$2.inheritsSet = Mono
		$2.inheritsScope = text/x-csharp
		$2.scope = text/x-csharp
		$0.TextStylePolicy = $3
		$3.FileWidth = 120
		$3.TabWidth = 4
		$3.EolMarker = Unix
		$3.inheritsSet = Mono
		$3.inheritsScope = text/plain
		$3.scope = text/plain
	EndGlobalSection

EndGlobal
